
Microsoft Visual Studio Solution File, Format Version 12.00
# Visual Studio Version 16
VisualStudioVersion = 16.0.30804.86
MinimumVisualStudioVersion = 10.0.40219.1
Project("{FAE04EC0-301F-11D3-BF4B-00C04F79EFBC}") = "ExerciceDocumentation", "ExerciceDocumentation.csproj", "{1E453C8C-D848-45DB-8310-DB1A84F37BB4}"
EndProject
Global
	GlobalSection(SolutionConfigurationPlatforms) = preSolution
		Debug|Any CPU = Debug|Any CPU
		Release|Any CPU = Release|Any CPU
	EndGlobalSection
	GlobalSection(ProjectConfigurationPlatforms) = postSolution
		{1E453C8C-D848-45DB-8310-DB1A84F37BB4}.Debug|Any CPU.ActiveCfg = Debug|Any CPU
		{1E453C8C-D848-45DB-8310-DB1A84F37BB4}.Debug|Any CPU.Build.0 = Debug|Any CPU
		{1E453C8C-D848-45DB-8310-DB1A84F37BB4}.Release|Any CPU.ActiveCfg = Release|Any CPU
		{1E453C8C-D848-45DB-8310-DB1A84F37BB4}.Release|Any CPU.Build.0 = Release|Any CPU
	EndGlobalSection
	GlobalSection(SolutionProperties) = preSolution
		HideSolutionNode = FALSE
	EndGlobalSection
	GlobalSection(ExtensibilityGlobals) = postSolution
		SolutionGuid = {F1D1EEFD-C622-4F67-9909-DE9E81CAB459}
	EndGlobalSection
EndGlobal
